
Microsoft Visual Studio Solution File, Format Version 12.00
# Visual Studio Version 17
VisualStudioVersion = 17.8.34511.84
MinimumVisualStudioVersion = 10.0.40219.1
Project("{FAE04EC0-301F-11D3-BF4B-00C04F79EFBC}") = "sistemaInventarioNet", "sistemaInventarioNet.csproj", "{C7B288B6-A2F9-4DDC-8D82-251AA05FE7A8}"
EndProject
Global
	GlobalSection(SolutionConfigurationPlatforms) = preSolution
		Debug|Any CPU = Debug|Any CPU
		Release|Any CPU = Release|Any CPU
	EndGlobalSection
	GlobalSection(ProjectConfigurationPlatforms) = postSolution
		{C7B288B6-A2F9-4DDC-8D82-251AA05FE7A8}.Debug|Any CPU.ActiveCfg = Debug|Any CPU
		{C7B288B6-A2F9-4DDC-8D82-251AA05FE7A8}.Debug|Any CPU.Build.0 = Debug|Any CPU
		{C7B288B6-A2F9-4DDC-8D82-251AA05FE7A8}.Release|Any CPU.ActiveCfg = Release|Any CPU
		{C7B288B6-A2F9-4DDC-8D82-251AA05FE7A8}.Release|Any CPU.Build.0 = Release|Any CPU
	EndGlobalSection
	GlobalSection(SolutionProperties) = preSolution
		HideSolutionNode = FALSE
	EndGlobalSection
	GlobalSection(ExtensibilityGlobals) = postSolution
		SolutionGuid = {7594D859-1172-42B9-B83B-C2D6BAA4F802}
	EndGlobalSection
EndGlobal
